// !$*UTF8*$!
{
	archiveVersion = 1;
	classes = {
	};
	objectVersion = 46;
	objects = {

/* Begin PBXBuildFile section */
		F671104D1E67A20D000398B8 /* DetailViewController.swift in Sources */ = {isa = PBXBuildFile; fileRef = F671104C1E67A20D000398B8 /* DetailViewController.swift */; };
		F6BEAB4F1E609416005CF796 /* AppDelegate.swift in Sources */ = {isa = PBXBuildFile; fileRef = F6BEAB4E1E609416005CF796 /* AppDelegate.swift */; };
		F6BEAB511E609416005CF796 /* ViewController.swift in Sources */ = {isa = PBXBuildFile; fileRef = F6BEAB501E609416005CF796 /* ViewController.swift */; };
		F6BEAB541E609416005CF796 /* Main.storyboard in Resources */ = {isa = PBXBuildFile; fileRef = F6BEAB521E609416005CF796 /* Main.storyboard */; };
		F6BEAB571E609416005CF796 /* Habit.xcdatamodeld in Sources */ = {isa = PBXBuildFile; fileRef = F6BEAB551E609416005CF796 /* Habit.xcdatamodeld */; };
		F6BEAB591E609416005CF796 /* Assets.xcassets in Resources */ = {isa = PBXBuildFile; fileRef = F6BEAB581E609416005CF796 /* Assets.xcassets */; };
		F6BEAB5C1E609416005CF796 /* LaunchScreen.storyboard in Resources */ = {isa = PBXBuildFile; fileRef = F6BEAB5A1E609416005CF796 /* LaunchScreen.storyboard */; };
		F6BEAB671E609416005CF796 /* HabitTests.swift in Sources */ = {isa = PBXBuildFile; fileRef = F6BEAB661E609416005CF796 /* HabitTests.swift */; };
		F6BEAB721E609416005CF796 /* HabitUITests.swift in Sources */ = {isa = PBXBuildFile; fileRef = F6BEAB711E609416005CF796 /* HabitUITests.swift */; };
		F6BEAB801E6095AA005CF796 /* DatabaseController.swift in Sources */ = {isa = PBXBuildFile; fileRef = F6BEAB7F1E6095AA005CF796 /* DatabaseController.swift */; };
		F6E22F331E664DA0001211E3 /* TableViewController.swift in Sources */ = {isa = PBXBuildFile; fileRef = F6E22F321E664DA0001211E3 /* TableViewController.swift */; };
/* End PBXBuildFile section */

/* Begin PBXContainerItemProxy section */
		F6BEAB631E609416005CF796 /* PBXContainerItemProxy */ = {
			isa = PBXContainerItemProxy;
			containerPortal = F6BEAB431E609416005CF796 /* Project object */;
			proxyType = 1;
			remoteGlobalIDString = F6BEAB4A1E609416005CF796;
			remoteInfo = Habit;
		};
		F6BEAB6E1E609416005CF796 /* PBXContainerItemProxy */ = {
			isa = PBXContainerItemProxy;
			containerPortal = F6BEAB431E609416005CF796 /* Project object */;
			proxyType = 1;
			remoteGlobalIDString = F6BEAB4A1E609416005CF796;
			remoteInfo = Habit;
		};
/* End PBXContainerItemProxy section */

/* Begin PBXFileReference section */
		F671104C1E67A20D000398B8 /* DetailViewController.swift */ = {isa = PBXFileReference; fileEncoding = 4; lastKnownFileType = sourcecode.swift; path = DetailViewController.swift; sourceTree = "<group>"; };
		F6BEAB4B1E609416005CF796 /* Habit.app */ = {isa = PBXFileReference; explicitFileType = wrapper.application; includeInIndex = 0; path = Habit.app; sourceTree = BUILT_PRODUCTS_DIR; };
		F6BEAB4E1E609416005CF796 /* AppDelegate.swift */ = {isa = PBXFileReference; lastKnownFileType = sourcecode.swift; path = AppDelegate.swift; sourceTree = "<group>"; };
		F6BEAB501E609416005CF796 /* ViewController.swift */ = {isa = PBXFileReference; lastKnownFileType = sourcecode.swift; path = ViewController.swift; sourceTree = "<group>"; };
		F6BEAB531E609416005CF796 /* Base */ = {isa = PBXFileReference; lastKnownFileType = file.storyboard; name = Base; path = Base.lproj/Main.storyboard; sourceTree = "<group>"; };
		F6BEAB561E609416005CF796 /* Habit.xcdatamodel */ = {isa = PBXFileReference; lastKnownFileType = wrapper.xcdatamodel; path = Habit.xcdatamodel; sourceTree = "<group>"; };
		F6BEAB581E609416005CF796 /* Assets.xcassets */ = {isa = PBXFileReference; lastKnownFileType = folder.assetcatalog; path = Assets.xcassets; sourceTree = "<group>"; };
		F6BEAB5B1E609416005CF796 /* Base */ = {isa = PBXFileReference; lastKnownFileType = file.storyboard; name = Base; path = Base.lproj/LaunchScreen.storyboard; sourceTree = "<group>"; };
		F6BEAB5D1E609416005CF796 /* Info.plist */ = {isa = PBXFileReference; lastKnownFileType = text.plist.xml; path = Info.plist; sourceTree = "<group>"; };
		F6BEAB621E609416005CF796 /* HabitTests.xctest */ = {isa = PBXFileReference; explicitFileType = wrapper.cfbundle; includeInIndex = 0; path = HabitTests.xctest; sourceTree = BUILT_PRODUCTS_DIR; };
		F6BEAB661E609416005CF796 /* HabitTests.swift */ = {isa = PBXFileReference; lastKnownFileType = sourcecode.swift; path = HabitTests.swift; sourceTree = "<group>"; };
		F6BEAB681E609416005CF796 /* Info.plist */ = {isa = PBXFileReference; lastKnownFileType = text.plist.xml; path = Info.plist; sourceTree = "<group>"; };
		F6BEAB6D1E609416005CF796 /* HabitUITests.xctest */ = {isa = PBXFileReference; explicitFileType = wrapper.cfbundle; includeInIndex = 0; path = HabitUITests.xctest; sourceTree = BUILT_PRODUCTS_DIR; };
		F6BEAB711E609416005CF796 /* HabitUITests.swift */ = {isa = PBXFileReference; lastKnownFileType = sourcecode.swift; path = HabitUITests.swift; sourceTree = "<group>"; };
		F6BEAB731E609416005CF796 /* Info.plist */ = {isa = PBXFileReference; lastKnownFileType = text.plist.xml; path = Info.plist; sourceTree = "<group>"; };
		F6BEAB7F1E6095AA005CF796 /* DatabaseController.swift */ = {isa = PBXFileReference; fileEncoding = 4; lastKnownFileType = sourcecode.swift; path = DatabaseController.swift; sourceTree = "<group>"; };
		F6E22F321E664DA0001211E3 /* TableViewController.swift */ = {isa = PBXFileReference; fileEncoding = 4; lastKnownFileType = sourcecode.swift; path = TableViewController.swift; sourceTree = "<group>"; };
/* End PBXFileReference section */

/* Begin PBXFrameworksBuildPhase section */
		F6BEAB481E609416005CF796 /* Frameworks */ = {
			isa = PBXFrameworksBuildPhase;
			buildActionMask = 2147483647;
			files = (
			);
			runOnlyForDeploymentPostprocessing = 0;
		};
		F6BEAB5F1E609416005CF796 /* Frameworks */ = {
			isa = PBXFrameworksBuildPhase;
			buildActionMask = 2147483647;
			files = (
			);
			runOnlyForDeploymentPostprocessing = 0;
		};
		F6BEAB6A1E609416005CF796 /* Frameworks */ = {
			isa = PBXFrameworksBuildPhase;
			buildActionMask = 2147483647;
			files = (
			);
			runOnlyForDeploymentPostprocessing = 0;
		};
/* End PBXFrameworksBuildPhase section */

/* Begin PBXGroup section */
		F6BEAB421E609416005CF796 = {
			isa = PBXGroup;
			children = (
				F6BEAB4D1E609416005CF796 /* Habit */,
				F6BEAB651E609416005CF796 /* HabitTests */,
				F6BEAB701E609416005CF796 /* HabitUITests */,
				F6BEAB4C1E609416005CF796 /* Products */,
			);
			sourceTree = "<group>";
		};
		F6BEAB4C1E609416005CF796 /* Products */ = {
			isa = PBXGroup;
			children = (
				F6BEAB4B1E609416005CF796 /* Habit.app */,
				F6BEAB621E609416005CF796 /* HabitTests.xctest */,
				F6BEAB6D1E609416005CF796 /* HabitUITests.xctest */,
			);
			name = Products;
			sourceTree = "<group>";
		};
		F6BEAB4D1E609416005CF796 /* Habit */ = {
			isa = PBXGroup;
			children = (
				F6BEAB581E609416005CF796 /* Assets.xcassets */,
				F6BEAB4E1E609416005CF796 /* AppDelegate.swift */,
				F6BEAB7F1E6095AA005CF796 /* DatabaseController.swift */,
				F6BEAB501E609416005CF796 /* ViewController.swift */,
				F6E22F321E664DA0001211E3 /* TableViewController.swift */,
				F671104C1E67A20D000398B8 /* DetailViewController.swift */,
				F6BEAB521E609416005CF796 /* Main.storyboard */,
				F6BEAB5A1E609416005CF796 /* LaunchScreen.storyboard */,
				F6BEAB5D1E609416005CF796 /* Info.plist */,
				F6BEAB551E609416005CF796 /* Habit.xcdatamodeld */,
			);
			path = Habit;
			sourceTree = "<group>";
		};
		F6BEAB651E609416005CF796 /* HabitTests */ = {
			isa = PBXGroup;
			children = (
				F6BEAB661E609416005CF796 /* HabitTests.swift */,
				F6BEAB681E609416005CF796 /* Info.plist */,
			);
			path = HabitTests;
			sourceTree = "<group>";
		};
		F6BEAB701E609416005CF796 /* HabitUITests */ = {
			isa = PBXGroup;
			children = (
				F6BEAB711E609416005CF796 /* HabitUITests.swift */,
				F6BEAB731E609416005CF796 /* Info.plist */,
			);
			path = HabitUITests;
			sourceTree = "<group>";
		};
/* End PBXGroup section */

/* Begin PBXNativeTarget section */
		F6BEAB4A1E609416005CF796 /* Habit */ = {
			isa = PBXNativeTarget;
			buildConfigurationList = F6BEAB761E609416005CF796 /* Build configuration list for PBXNativeTarget "Habit" */;
			buildPhases = (
				F6BEAB471E609416005CF796 /* Sources */,
				F6BEAB481E609416005CF796 /* Frameworks */,
				F6BEAB491E609416005CF796 /* Resources */,
			);
			buildRules = (
			);
			dependencies = (
			);
			name = Habit;
			productName = Habit;
			productReference = F6BEAB4B1E609416005CF796 /* Habit.app */;
			productType = "com.apple.product-type.application";
		};
		F6BEAB611E609416005CF796 /* HabitTests */ = {
			isa = PBXNativeTarget;
			buildConfigurationList = F6BEAB791E609416005CF796 /* Build configuration list for PBXNativeTarget "HabitTests" */;
			buildPhases = (
				F6BEAB5E1E609416005CF796 /* Sources */,
				F6BEAB5F1E609416005CF796 /* Frameworks */,
				F6BEAB601E609416005CF796 /* Resources */,
			);
			buildRules = (
			);
			dependencies = (
				F6BEAB641E609416005CF796 /* PBXTargetDependency */,
			);
			name = HabitTests;
			productName = HabitTests;
			productReference = F6BEAB621E609416005CF796 /* HabitTests.xctest */;
			productType = "com.apple.product-type.bundle.unit-test";
		};
		F6BEAB6C1E609416005CF796 /* HabitUITests */ = {
			isa = PBXNativeTarget;
			buildConfigurationList = F6BEAB7C1E609416005CF796 /* Build configuration list for PBXNativeTarget "HabitUITests" */;
			buildPhases = (
				F6BEAB691E609416005CF796 /* Sources */,
				F6BEAB6A1E609416005CF796 /* Frameworks */,
				F6BEAB6B1E609416005CF796 /* Resources */,
			);
			buildRules = (
			);
			dependencies = (
				F6BEAB6F1E609416005CF796 /* PBXTargetDependency */,
			);
			name = HabitUITests;
			productName = HabitUITests;
			productReference = F6BEAB6D1E609416005CF796 /* HabitUITests.xctest */;
			productType = "com.apple.product-type.bundle.ui-testing";
		};
/* End PBXNativeTarget section */

/* Begin PBXProject section */
		F6BEAB431E609416005CF796 /* Project object */ = {
			isa = PBXProject;
			attributes = {
				LastSwiftUpdateCheck = 0820;
				LastUpgradeCheck = 0820;
				ORGANIZATIONNAME = "David Faliskie";
				TargetAttributes = {
					F6BEAB4A1E609416005CF796 = {
						CreatedOnToolsVersion = 8.2.1;
						DevelopmentTeam = 8V4XE9BJVC;
						ProvisioningStyle = Automatic;
					};
					F6BEAB611E609416005CF796 = {
						CreatedOnToolsVersion = 8.2.1;
						DevelopmentTeam = 8V4XE9BJVC;
						ProvisioningStyle = Automatic;
						TestTargetID = F6BEAB4A1E609416005CF796;
					};
					F6BEAB6C1E609416005CF796 = {
						CreatedOnToolsVersion = 8.2.1;
						DevelopmentTeam = 8V4XE9BJVC;
						ProvisioningStyle = Automatic;
						TestTargetID = F6BEAB4A1E609416005CF796;
					};
				};
			};
			buildConfigurationList = F6BEAB461E609416005CF796 /* Build configuration list for PBXProject "Habit" */;
			compatibilityVersion = "Xcode 3.2";
			developmentRegion = English;
			hasScannedForEncodings = 0;
			knownRegions = (
				en,
				Base,
			);
			mainGroup = F6BEAB421E609416005CF796;
			productRefGroup = F6BEAB4C1E609416005CF796 /* Products */;
			projectDirPath = "";
			projectRoot = "";
			targets = (
				F6BEAB4A1E609416005CF796 /* Habit */,
				F6BEAB611E609416005CF796 /* HabitTests */,
				F6BEAB6C1E609416005CF796 /* HabitUITests */,
			);
		};
/* End PBXProject section */

/* Begin PBXResourcesBuildPhase section */
		F6BEAB491E609416005CF796 /* Resources */ = {
			isa = PBXResourcesBuildPhase;
			buildActionMask = 2147483647;
			files = (
				F6BEAB5C1E609416005CF796 /* LaunchScreen.storyboard in Resources */,
				F6BEAB591E609416005CF796 /* Assets.xcassets in Resources */,
				F6BEAB541E609416005CF796 /* Main.storyboard in Resources */,
			);
			runOnlyForDeploymentPostprocessing = 0;
		};
		F6BEAB601E609416005CF796 /* Resources */ = {
			isa = PBXResourcesBuildPhase;
			buildActionMask = 2147483647;
			files = (
			);
			runOnlyForDeploymentPostprocessing = 0;
		};
		F6BEAB6B1E609416005CF796 /* Resources */ = {
			isa = PBXResourcesBuildPhase;
			buildActionMask = 2147483647;
			files = (
			);
			runOnlyForDeploymentPostprocessing = 0;
		};
/* End PBXResourcesBuildPhase section */

/* Begin PBXSourcesBuildPhase section */
		F6BEAB471E609416005CF796 /* Sources */ = {
			isa = PBXSourcesBuildPhase;
			buildActionMask = 2147483647;
			files = (
				F6BEAB801E6095AA005CF796 /* DatabaseController.swift in Sources */,
				F6BEAB571E609416005CF796 /* Habit.xcdatamodeld in Sources */,
				F6BEAB511E609416005CF796 /* ViewController.swift in Sources */,
				F671104D1E67A20D000398B8 /* DetailViewController.swift in Sources */,
				F6E22F331E664DA0001211E3 /* TableViewController.swift in Sources */,
				F6BEAB4F1E609416005CF796 /* AppDelegate.swift in Sources */,
			);
			runOnlyForDeploymentPostprocessing = 0;
		};
		F6BEAB5E1E609416005CF796 /* Sources */ = {
			isa = PBXSourcesBuildPhase;
			buildActionMask = 2147483647;
			files = (
				F6BEAB671E609416005CF796 /* HabitTests.swift in Sources */,
			);
			runOnlyForDeploymentPostprocessing = 0;
		};
		F6BEAB691E609416005CF796 /* Sources */ = {
			isa = PBXSourcesBuildPhase;
			buildActionMask = 2147483647;
			files = (
				F6BEAB721E609416005CF796 /* HabitUITests.swift in Sources */,
			);
			runOnlyForDeploymentPostprocessing = 0;
		};
/* End PBXSourcesBuildPhase section */

/* Begin PBXTargetDependency section */
		F6BEAB641E609416005CF796 /* PBXTargetDependency */ = {
			isa = PBXTargetDependency;
			target = F6BEAB4A1E609416005CF796 /* Habit */;
			targetProxy = F6BEAB631E609416005CF796 /* PBXContainerItemProxy */;
		};
		F6BEAB6F1E609416005CF796 /* PBXTargetDependency */ = {
			isa = PBXTargetDependency;
			target = F6BEAB4A1E609416005CF796 /* Habit */;
			targetProxy = F6BEAB6E1E609416005CF796 /* PBXContainerItemProxy */;
		};
/* End PBXTargetDependency section */

/* Begin PBXVariantGroup section */
		F6BEAB521E609416005CF796 /* Main.storyboard */ = {
			isa = PBXVariantGroup;
			children = (
				F6BEAB531E609416005CF796 /* Base */,
			);
			name = Main.storyboard;
			sourceTree = "<group>";
		};
		F6BEAB5A1E609416005CF796 /* LaunchScreen.storyboard */ = {
			isa = PBXVariantGroup;
			children = (
				F6BEAB5B1E609416005CF796 /* Base */,
			);
			name = LaunchScreen.storyboard;
			sourceTree = "<group>";
		};
/* End PBXVariantGroup section */

/* Begin XCBuildConfiguration section */
		F6BEAB741E609416005CF796 /* Debug */ = {
			isa = XCBuildConfiguration;
			buildSettings = {
				ALWAYS_SEARCH_USER_PATHS = NO;
				CLANG_ANALYZER_NONNULL = YES;
				CLANG_CXX_LANGUAGE_STANDARD = "gnu++0x";
				CLANG_CXX_LIBRARY = "libc++";
				CLANG_ENABLE_MODULES = YES;
				CLANG_ENABLE_OBJC_ARC = YES;
				CLANG_WARN_BOOL_CONVERSION = YES;
				CLANG_WARN_CONSTANT_CONVERSION = YES;
				CLANG_WARN_DIRECT_OBJC_ISA_USAGE = YES_ERROR;
				CLANG_WARN_DOCUMENTATION_COMMENTS = YES;
				CLANG_WARN_EMPTY_BODY = YES;
				CLANG_WARN_ENUM_CONVERSION = YES;
				CLANG_WARN_INFINITE_RECURSION = YES;
				CLANG_WARN_INT_CONVERSION = YES;
				CLANG_WARN_OBJC_ROOT_CLASS = YES_ERROR;
				CLANG_WARN_SUSPICIOUS_MOVE = YES;
				CLANG_WARN_UNREACHABLE_CODE = YES;
				CLANG_WARN__DUPLICATE_METHOD_MATCH = YES;
				"CODE_SIGN_IDENTITY[sdk=iphoneos*]" = "iPhone Developer";
				COPY_PHASE_STRIP = NO;
				DEBUG_INFORMATION_FORMAT = dwarf;
				ENABLE_STRICT_OBJC_MSGSEND = YES;
				ENABLE_TESTABILITY = YES;
				GCC_C_LANGUAGE_STANDARD = gnu99;
				GCC_DYNAMIC_NO_PIC = NO;
				GCC_NO_COMMON_BLOCKS = YES;
				GCC_OPTIMIZATION_LEVEL = 0;
				GCC_PREPROCESSOR_DEFINITIONS = (
					"DEBUG=1",
					"$(inherited)",
				);
				GCC_WARN_64_TO_32_BIT_CONVERSION = YES;
				GCC_WARN_ABOUT_RETURN_TYPE = YES_ERROR;
				GCC_WARN_UNDECLARED_SELECTOR = YES;
				GCC_WARN_UNINITIALIZED_AUTOS = YES_AGGRESSIVE;
				GCC_WARN_UNUSED_FUNCTION = YES;
				GCC_WARN_UNUSED_VARIABLE = YES;
				IPHONEOS_DEPLOYMENT_TARGET = 10.2;
				MTL_ENABLE_DEBUG_INFO = YES;
				ONLY_ACTIVE_ARCH = YES;
				SDKROOT = iphoneos;
				SWIFT_ACTIVE_COMPILATION_CONDITIONS = DEBUG;
				SWIFT_OPTIMIZATION_LEVEL = "-Onone";
			};
			name = Debug;
		};
		F6BEAB751E609416005CF796 /* Release */ = {
			isa = XCBuildConfiguration;
			buildSettings = {
				ALWAYS_SEARCH_USER_PATHS = NO;
				CLANG_ANALYZER_NONNULL = YES;
				CLANG_CXX_LANGUAGE_STANDARD = "gnu++0x";
				CLANG_CXX_LIBRARY = "libc++";
				CLANG_ENABLE_MODULES = YES;
				CLANG_ENABLE_OBJC_ARC = YES;
				CLANG_WARN_BOOL_CONVERSION = YES;
				CLANG_WARN_CONSTANT_CONVERSION = YES;
				CLANG_WARN_DIRECT_OBJC_ISA_USAGE = YES_ERROR;
				CLANG_WARN_DOCUMENTATION_COMMENTS = YES;
				CLANG_WARN_EMPTY_BODY = YES;
				CLANG_WARN_ENUM_CONVERSION = YES;
				CLANG_WARN_INFINITE_RECURSION = YES;
				CLANG_WARN_INT_CONVERSION = YES;
				CLANG_WARN_OBJC_ROOT_CLASS = YES_ERROR;
				CLANG_WARN_SUSPICIOUS_MOVE = YES;
				CLANG_WARN_UNREACHABLE_CODE = YES;
				CLANG_WARN__DUPLICATE_METHOD_MATCH = YES;
				"CODE_SIGN_IDENTITY[sdk=iphoneos*]" = "iPhone Developer";
				COPY_PHASE_STRIP = NO;
				DEBUG_INFORMATION_FORMAT = "dwarf-with-dsym";
				ENABLE_NS_ASSERTIONS = NO;
				ENABLE_STRICT_OBJC_MSGSEND = YES;
				GCC_C_LANGUAGE_STANDARD = gnu99;
				GCC_NO_COMMON_BLOCKS = YES;
				GCC_WARN_64_TO_32_BIT_CONVERSION = YES;
				GCC_WARN_ABOUT_RETURN_TYPE = YES_ERROR;
				GCC_WARN_UNDECLARED_SELECTOR = YES;
				GCC_WARN_UNINITIALIZED_AUTOS = YES_AGGRESSIVE;
				GCC_WARN_UNUSED_FUNCTION = YES;
				GCC_WARN_UNUSED_VARIABLE = YES;
				IPHONEOS_DEPLOYMENT_TARGET = 10.2;
				MTL_ENABLE_DEBUG_INFO = NO;
				SDKROOT = iphoneos;
				SWIFT_OPTIMIZATION_LEVEL = "-Owholemodule";
				VALIDATE_PRODUCT = YES;
			};
			name = Release;
		};
		F6BEAB771E609416005CF796 /* Debug */ = {
			isa = XCBuildConfiguration;
			buildSettings = {
				ASSETCATALOG_COMPILER_APPICON_NAME = AppIcon;
				DEVELOPMENT_TEAM = 8V4XE9BJVC;
				INFOPLIST_FILE = Habit/Info.plist;
				LD_RUNPATH_SEARCH_PATHS = "$(inherited) @executable_path/Frameworks";
				PRODUCT_BUNDLE_IDENTIFIER = com.davefaliskie.Habit;
				PRODUCT_NAME = "$(TARGET_NAME)";
				SWIFT_VERSION = 3.0;
			};
			name = Debug;
		};
		F6BEAB781E609416005CF796 /* Release */ = {
			isa = XCBuildConfiguration;
			buildSettings = {
				ASSETCATALOG_COMPILER_APPICON_NAME = AppIcon;
				DEVELOPMENT_TEAM = 8V4XE9BJVC;
				INFOPLIST_FILE = Habit/Info.plist;
				LD_RUNPATH_SEARCH_PATHS = "$(inherited) @executable_path/Frameworks";
				PRODUCT_BUNDLE_IDENTIFIER = com.davefaliskie.Habit;
				PRODUCT_NAME = "$(TARGET_NAME)";
				SWIFT_VERSION = 3.0;
			};
			name = Release;
		};
		F6BEAB7A1E609416005CF796 /* Debug */ = {
			isa = XCBuildConfiguration;
			buildSettings = {
				ALWAYS_EMBED_SWIFT_STANDARD_LIBRARIES = YES;
				BUNDLE_LOADER = "$(TEST_HOST)";
				DEVELOPMENT_TEAM = 8V4XE9BJVC;
				INFOPLIST_FILE = HabitTests/Info.plist;
				LD_RUNPATH_SEARCH_PATHS = "$(inherited) @executable_path/Frameworks @loader_path/Frameworks";
				PRODUCT_BUNDLE_IDENTIFIER = com.davefaliskie.HabitTests;
				PRODUCT_NAME = "$(TARGET_NAME)";
				SWIFT_VERSION = 3.0;
				TEST_HOST = "$(BUILT_PRODUCTS_DIR)/Habit.app/Habit";
			};
			name = Debug;
		};
		F6BEAB7B1E609416005CF796 /* Release */ = {
			isa = XCBuildConfiguration;
			buildSettings = {
				ALWAYS_EMBED_SWIFT_STANDARD_LIBRARIES = YES;
				BUNDLE_LOADER = "$(TEST_HOST)";
				DEVELOPMENT_TEAM = 8V4XE9BJVC;
				INFOPLIST_FILE = HabitTests/Info.plist;
				LD_RUNPATH_SEARCH_PATHS = "$(inherited) @executable_path/Frameworks @loader_path/Frameworks";
				PRODUCT_BUNDLE_IDENTIFIER = com.davefaliskie.HabitTests;
				PRODUCT_NAME = "$(TARGET_NAME)";
				SWIFT_VERSION = 3.0;
				TEST_HOST = "$(BUILT_PRODUCTS_DIR)/Habit.app/Habit";
			};
			name = Release;
		};
		F6BEAB7D1E609416005CF796 /* Debug */ = {
			isa = XCBuildConfiguration;
			buildSettings = {
				ALWAYS_EMBED_SWIFT_STANDARD_LIBRARIES = YES;
				DEVELOPMENT_TEAM = 8V4XE9BJVC;
				INFOPLIST_FILE = HabitUITests/Info.plist;
				LD_RUNPATH_SEARCH_PATHS = "$(inherited) @executable_path/Frameworks @loader_path/Frameworks";
				PRODUCT_BUNDLE_IDENTIFIER = com.davefaliskie.HabitUITests;
				PRODUCT_NAME = "$(TARGET_NAME)";
				SWIFT_VERSION = 3.0;
				TEST_TARGET_NAME = Habit;
			};
			name = Debug;
		};
		F6BEAB7E1E609416005CF796 /* Release */ = {
			isa = XCBuildConfiguration;
			buildSettings = {
				ALWAYS_EMBED_SWIFT_STANDARD_LIBRARIES = YES;
				DEVELOPMENT_TEAM = 8V4XE9BJVC;
				INFOPLIST_FILE = HabitUITests/Info.plist;
				LD_RUNPATH_SEARCH_PATHS = "$(inherited) @executable_path/Frameworks @loader_path/Frameworks";
				PRODUCT_BUNDLE_IDENTIFIER = com.davefaliskie.HabitUITests;
				PRODUCT_NAME = "$(TARGET_NAME)";
				SWIFT_VERSION = 3.0;
				TEST_TARGET_NAME = Habit;
			};
			name = Release;
		};
/* End XCBuildConfiguration section */

/* Begin XCConfigurationList section */
		F6BEAB461E609416005CF796 /* Build configuration list for PBXProject "Habit" */ = {
			isa = XCConfigurationList;
			buildConfigurations = (
				F6BEAB741E609416005CF796 /* Debug */,
				F6BEAB751E609416005CF796 /* Release */,
			);
			defaultConfigurationIsVisible = 0;
			defaultConfigurationName = Release;
		};
		F6BEAB761E609416005CF796 /* Build configuration list for PBXNativeTarget "Habit" */ = {
			isa = XCConfigurationList;
			buildConfigurations = (
				F6BEAB771E609416005CF796 /* Debug */,
				F6BEAB781E609416005CF796 /* Release */,
			);
			defaultConfigurationIsVisible = 0;
			defaultConfigurationName = Release;
		};
		F6BEAB791E609416005CF796 /* Build configuration list for PBXNativeTarget "HabitTests" */ = {
			isa = XCConfigurationList;
			buildConfigurations = (
				F6BEAB7A1E609416005CF796 /* Debug */,
				F6BEAB7B1E609416005CF796 /* Release */,
			);
			defaultConfigurationIsVisible = 0;
			defaultConfigurationName = Release;
		};
		F6BEAB7C1E609416005CF796 /* Build configuration list for PBXNativeTarget "HabitUITests" */ = {
			isa = XCConfigurationList;
			buildConfigurations = (
				F6BEAB7D1E609416005CF796 /* Debug */,
				F6BEAB7E1E609416005CF796 /* Release */,
			);
			defaultConfigurationIsVisible = 0;
			defaultConfigurationName = Release;
		};
/* End XCConfigurationList section */

/* Begin XCVersionGroup section */
		F6BEAB551E609416005CF796 /* Habit.xcdatamodeld */ = {
			isa = XCVersionGroup;
			children = (
				F6BEAB561E609416005CF796 /* Habit.xcdatamodel */,
			);
			currentVersion = F6BEAB561E609416005CF796 /* Habit.xcdatamodel */;
			path = Habit.xcdatamodeld;
			sourceTree = "<group>";
			versionGroupType = wrapper.xcdatamodel;
		};
/* End XCVersionGroup section */
	};
	rootObject = F6BEAB431E609416005CF796 /* Project object */;
}
